
Microsoft Visual Studio Solution File, Format Version 12.00
# Visual Studio 15
VisualStudioVersion = 15.0.28307.271
MinimumVisualStudioVersion = 10.0.40219.1
Project("{FAE04EC0-301F-11D3-BF4B-00C04F79EFBC}") = "Employees.Web", "Employees.Web\Employees.Web.csproj", "{57567E78-2B43-48B8-B88B-3802CBCFC8FE}"
EndProject
Project("{FAE04EC0-301F-11D3-BF4B-00C04F79EFBC}") = "Employees.Core", "Employees.Core\Employees.Core.csproj", "{D7E3E30E-481A-4DF2-A2A1-E5C7F28D0ACE}"
EndProject
Project("{FAE04EC0-301F-11D3-BF4B-00C04F79EFBC}") = "Employees.EntityFramework", "Employees.EntityFramework\Employees.EntityFramework.csproj", "{CD2345D7-12FB-433C-9ED9-E01508432B3D}"
EndProject
Global
	GlobalSection(SolutionConfigurationPlatforms) = preSolution
		Debug|Any CPU = Debug|Any CPU
		Release|Any CPU = Release|Any CPU
	EndGlobalSection
	GlobalSection(ProjectConfigurationPlatforms) = postSolution
		{57567E78-2B43-48B8-B88B-3802CBCFC8FE}.Debug|Any CPU.ActiveCfg = Debug|Any CPU
		{57567E78-2B43-48B8-B88B-3802CBCFC8FE}.Debug|Any CPU.Build.0 = Debug|Any CPU
		{57567E78-2B43-48B8-B88B-3802CBCFC8FE}.Release|Any CPU.ActiveCfg = Release|Any CPU
		{57567E78-2B43-48B8-B88B-3802CBCFC8FE}.Release|Any CPU.Build.0 = Release|Any CPU
		{D7E3E30E-481A-4DF2-A2A1-E5C7F28D0ACE}.Debug|Any CPU.ActiveCfg = Debug|Any CPU
		{D7E3E30E-481A-4DF2-A2A1-E5C7F28D0ACE}.Debug|Any CPU.Build.0 = Debug|Any CPU
		{D7E3E30E-481A-4DF2-A2A1-E5C7F28D0ACE}.Release|Any CPU.ActiveCfg = Release|Any CPU
		{D7E3E30E-481A-4DF2-A2A1-E5C7F28D0ACE}.Release|Any CPU.Build.0 = Release|Any CPU
		{CD2345D7-12FB-433C-9ED9-E01508432B3D}.Debug|Any CPU.ActiveCfg = Debug|Any CPU
		{CD2345D7-12FB-433C-9ED9-E01508432B3D}.Debug|Any CPU.Build.0 = Debug|Any CPU
		{CD2345D7-12FB-433C-9ED9-E01508432B3D}.Release|Any CPU.ActiveCfg = Release|Any CPU
		{CD2345D7-12FB-433C-9ED9-E01508432B3D}.Release|Any CPU.Build.0 = Release|Any CPU
	EndGlobalSection
	GlobalSection(SolutionProperties) = preSolution
		HideSolutionNode = FALSE
	EndGlobalSection
	GlobalSection(ExtensibilityGlobals) = postSolution
		SolutionGuid = {27265A61-CF2E-4EA3-A03E-DB37AAC29BFA}
	EndGlobalSection
EndGlobal
